
Microsoft Visual Studio Solution File, Format Version 12.00
# Visual Studio 15
VisualStudioVersion = 15.0.28010.2036
MinimumVisualStudioVersion = 10.0.40219.1
Project("{FAE04EC0-301F-11D3-BF4B-00C04F79EFBC}") = "kaspersky-test", "kaspersky-test\kaspersky-test.csproj", "{9B27F0BA-7445-4963-9145-32F274B179FC}"
EndProject
Project("{FAE04EC0-301F-11D3-BF4B-00C04F79EFBC}") = "Core", "Core\Core.csproj", "{75D62DD1-A9DA-4064-980F-6CBE870BF895}"
EndProject
Project("{FAE04EC0-301F-11D3-BF4B-00C04F79EFBC}") = "Repository", "Repository\Repository.csproj", "{6204A4FB-E346-4ABB-97EB-96C13047E88D}"
EndProject
Project("{FAE04EC0-301F-11D3-BF4B-00C04F79EFBC}") = "InMemoryStorage", "InMemoryStorage\InMemoryStorage.csproj", "{30A0A851-E4B9-4365-A2FE-D16502C3299E}"
EndProject
Global
	GlobalSection(SolutionConfigurationPlatforms) = preSolution
		Debug|Any CPU = Debug|Any CPU
		Release|Any CPU = Release|Any CPU
	EndGlobalSection
	GlobalSection(ProjectConfigurationPlatforms) = postSolution
		{9B27F0BA-7445-4963-9145-32F274B179FC}.Debug|Any CPU.ActiveCfg = Debug|Any CPU
		{9B27F0BA-7445-4963-9145-32F274B179FC}.Debug|Any CPU.Build.0 = Debug|Any CPU
		{9B27F0BA-7445-4963-9145-32F274B179FC}.Release|Any CPU.ActiveCfg = Release|Any CPU
		{9B27F0BA-7445-4963-9145-32F274B179FC}.Release|Any CPU.Build.0 = Release|Any CPU
		{75D62DD1-A9DA-4064-980F-6CBE870BF895}.Debug|Any CPU.ActiveCfg = Debug|Any CPU
		{75D62DD1-A9DA-4064-980F-6CBE870BF895}.Debug|Any CPU.Build.0 = Debug|Any CPU
		{75D62DD1-A9DA-4064-980F-6CBE870BF895}.Release|Any CPU.ActiveCfg = Release|Any CPU
		{75D62DD1-A9DA-4064-980F-6CBE870BF895}.Release|Any CPU.Build.0 = Release|Any CPU
		{6204A4FB-E346-4ABB-97EB-96C13047E88D}.Debug|Any CPU.ActiveCfg = Debug|Any CPU
		{6204A4FB-E346-4ABB-97EB-96C13047E88D}.Debug|Any CPU.Build.0 = Debug|Any CPU
		{6204A4FB-E346-4ABB-97EB-96C13047E88D}.Release|Any CPU.ActiveCfg = Release|Any CPU
		{6204A4FB-E346-4ABB-97EB-96C13047E88D}.Release|Any CPU.Build.0 = Release|Any CPU
		{30A0A851-E4B9-4365-A2FE-D16502C3299E}.Debug|Any CPU.ActiveCfg = Debug|Any CPU
		{30A0A851-E4B9-4365-A2FE-D16502C3299E}.Debug|Any CPU.Build.0 = Debug|Any CPU
		{30A0A851-E4B9-4365-A2FE-D16502C3299E}.Release|Any CPU.ActiveCfg = Release|Any CPU
		{30A0A851-E4B9-4365-A2FE-D16502C3299E}.Release|Any CPU.Build.0 = Release|Any CPU
	EndGlobalSection
	GlobalSection(SolutionProperties) = preSolution
		HideSolutionNode = FALSE
	EndGlobalSection
	GlobalSection(ExtensibilityGlobals) = postSolution
		SolutionGuid = {01079070-D74F-4D36-8AAA-0A16FFA611F8}
	EndGlobalSection
EndGlobal
